
Microsoft Visual Studio Solution File, Format Version 12.00
# Visual Studio Version 17
VisualStudioVersion = 17.8.34330.188
MinimumVisualStudioVersion = 10.0.40219.1
Project("{FAE04EC0-301F-11D3-BF4B-00C04F79EFBC}") = "Lab6", "Lab6\Lab6.csproj", "{B0712306-53A2-41EC-ADA5-9F263BAC80B1}"
EndProject
Global
	GlobalSection(SolutionConfigurationPlatforms) = preSolution
		Debug|Any CPU = Debug|Any CPU
		Release|Any CPU = Release|Any CPU
	EndGlobalSection
	GlobalSection(ProjectConfigurationPlatforms) = postSolution
		{B0712306-53A2-41EC-ADA5-9F263BAC80B1}.Debug|Any CPU.ActiveCfg = Debug|Any CPU
		{B0712306-53A2-41EC-ADA5-9F263BAC80B1}.Debug|Any CPU.Build.0 = Debug|Any CPU
		{B0712306-53A2-41EC-ADA5-9F263BAC80B1}.Release|Any CPU.ActiveCfg = Release|Any CPU
		{B0712306-53A2-41EC-ADA5-9F263BAC80B1}.Release|Any CPU.Build.0 = Release|Any CPU
	EndGlobalSection
	GlobalSection(SolutionProperties) = preSolution
		HideSolutionNode = FALSE
	EndGlobalSection
	GlobalSection(ExtensibilityGlobals) = postSolution
		SolutionGuid = {E180BA1E-BC1B-47F5-A53B-492389D143B6}
	EndGlobalSection
EndGlobal
